
Microsoft Visual Studio Solution File, Format Version 12.00
# Visual Studio Version 17
VisualStudioVersion = 17.14.36717.8 d17.14
MinimumVisualStudioVersion = 10.0.40219.1
Project("{FAE04EC0-301F-11D3-BF4B-00C04F79EFBC}") = "MoferPos.Backend", "MoferPos.Backend\MoferPos.Backend.csproj", "{589E43EA-94F6-4EF4-B03D-416DF94CFF23}"
EndProject
Global
	GlobalSection(SolutionConfigurationPlatforms) = preSolution
		Debug|Any CPU = Debug|Any CPU
		Release|Any CPU = Release|Any CPU
	EndGlobalSection
	GlobalSection(ProjectConfigurationPlatforms) = postSolution
		{589E43EA-94F6-4EF4-B03D-416DF94CFF23}.Debug|Any CPU.ActiveCfg = Debug|Any CPU
		{589E43EA-94F6-4EF4-B03D-416DF94CFF23}.Debug|Any CPU.Build.0 = Debug|Any CPU
		{589E43EA-94F6-4EF4-B03D-416DF94CFF23}.Release|Any CPU.ActiveCfg = Release|Any CPU
		{589E43EA-94F6-4EF4-B03D-416DF94CFF23}.Release|Any CPU.Build.0 = Release|Any CPU
	EndGlobalSection
	GlobalSection(SolutionProperties) = preSolution
		HideSolutionNode = FALSE
	EndGlobalSection
	GlobalSection(ExtensibilityGlobals) = postSolution
		SolutionGuid = {1715F0E4-7884-4D4A-AC44-A7BBA3AE4FA4}
	EndGlobalSection
EndGlobal
